
Microsoft Visual Studio Solution File, Format Version 12.00
# Visual Studio Version 17
VisualStudioVersion = 17.2.32516.85
MinimumVisualStudioVersion = 10.0.40219.1
Project("{8BC9CEB8-8B4A-11D0-8D11-00A0C91BC942}") = "Bus Route Planning", "Bus Route Planning\Bus Route Planning.vcxproj", "{C56040C4-1A7C-445A-AEF6-02F2CD75AF88}"
EndProject
Global
	GlobalSection(SolutionConfigurationPlatforms) = preSolution
		Debug|x64 = Debug|x64
		Debug|x86 = Debug|x86
		Release|x64 = Release|x64
		Release|x86 = Release|x86
	EndGlobalSection
	GlobalSection(ProjectConfigurationPlatforms) = postSolution
		{C56040C4-1A7C-445A-AEF6-02F2CD75AF88}.Debug|x64.ActiveCfg = Debug|x64
		{C56040C4-1A7C-445A-AEF6-02F2CD75AF88}.Debug|x64.Build.0 = Debug|x64
		{C56040C4-1A7C-445A-AEF6-02F2CD75AF88}.Debug|x86.ActiveCfg = Debug|Win32
		{C56040C4-1A7C-445A-AEF6-02F2CD75AF88}.Debug|x86.Build.0 = Debug|Win32
		{C56040C4-1A7C-445A-AEF6-02F2CD75AF88}.Release|x64.ActiveCfg = Release|x64
		{C56040C4-1A7C-445A-AEF6-02F2CD75AF88}.Release|x64.Build.0 = Release|x64
		{C56040C4-1A7C-445A-AEF6-02F2CD75AF88}.Release|x86.ActiveCfg = Release|Win32
		{C56040C4-1A7C-445A-AEF6-02F2CD75AF88}.Release|x86.Build.0 = Release|Win32
	EndGlobalSection
	GlobalSection(SolutionProperties) = preSolution
		HideSolutionNode = FALSE
	EndGlobalSection
	GlobalSection(ExtensibilityGlobals) = postSolution
		SolutionGuid = {56C3A04E-B3B8-4D78-B9F9-C4718BA20A2F}
	EndGlobalSection
EndGlobal
